// !$*UTF8*$!
{
	archiveVersion = 1;
	classes = {
	};
	objectVersion = 77;
	objects = {

/* Begin PBXBuildFile section */
		CC000000000000000000002A /* GameFlowIntegrationTests.swift in Sources */ = {isa = PBXBuildFile; fileRef = CC000000000000000000001A /* GameFlowIntegrationTests.swift */; };
		BB000000000000000000005A /* OnboardingView.swift in Sources */ = {isa = PBXBuildFile; fileRef = BB000000000000000000002A /* OnboardingView.swift */; };
		BB000000000000000000006A /* OnboardingPageContent.swift in Sources */ = {isa = PBXBuildFile; fileRef = BB000000000000000000003A /* OnboardingPageContent.swift */; };
		BB000000000000000000007A /* RulesSheetView.swift in Sources */ = {isa = PBXBuildFile; fileRef = BB000000000000000000004A /* RulesSheetView.swift */; };
		5B857D1DD3B3302DDFAFA936 /* SettingsView.swift in Sources */ = {isa = PBXBuildFile; fileRef = FD538664AC20873006030C43 /* SettingsView.swift */; };
		6BEB879868E484A5F30ED612 /* SettingsManager.swift in Sources */ = {isa = PBXBuildFile; fileRef = 1781DD971062EC4A2981A5E0 /* SettingsManager.swift */; };
		AA000000000000000000030A /* SnakesssApp.swift in Sources */ = {isa = PBXBuildFile; fileRef = AA000000000000000000010A /* SnakesssApp.swift */; };
		AA000000000000000000031A /* GameRecord.swift in Sources */ = {isa = PBXBuildFile; fileRef = AA000000000000000000011A /* GameRecord.swift */; };
		AA000000000000000000033A /* Assets.xcassets in Resources */ = {isa = PBXBuildFile; fileRef = AA000000000000000000013A /* Assets.xcassets */; };
		AA000000000000000000034A /* SnakesssTests.swift in Sources */ = {isa = PBXBuildFile; fileRef = AA000000000000000000014A /* SnakesssTests.swift */; };
		AA000000000000000000035A /* Role.swift in Sources */ = {isa = PBXBuildFile; fileRef = AA000000000000000000015A /* Role.swift */; };
		AA000000000000000000036A /* GamePhase.swift in Sources */ = {isa = PBXBuildFile; fileRef = AA000000000000000000016A /* GamePhase.swift */; };
		AA000000000000000000037A /* Vote.swift in Sources */ = {isa = PBXBuildFile; fileRef = AA000000000000000000017A /* Vote.swift */; };
		AA000000000000000000038A /* Question.swift in Sources */ = {isa = PBXBuildFile; fileRef = AA000000000000000000018A /* Question.swift */; };
		AA000000000000000000039A /* Player.swift in Sources */ = {isa = PBXBuildFile; fileRef = AA000000000000000000019A /* Player.swift */; };
		AA00000000000000000003BA /* RoundResult.swift in Sources */ = {isa = PBXBuildFile; fileRef = AA00000000000000000001BA /* RoundResult.swift */; };
		AA00000000000000000003CA /* QuestionService.swift in Sources */ = {isa = PBXBuildFile; fileRef = AA00000000000000000001CA /* QuestionService.swift */; };
		AA00000000000000000003DA /* RoleService.swift in Sources */ = {isa = PBXBuildFile; fileRef = AA00000000000000000001DA /* RoleService.swift */; };
		AA00000000000000000003EA /* ScoringService.swift in Sources */ = {isa = PBXBuildFile; fileRef = AA00000000000000000001EA /* ScoringService.swift */; };
		AA00000000000000000003FA /* questions.json in Resources */ = {isa = PBXBuildFile; fileRef = AA00000000000000000001FA /* questions.json */; };
		AA000000000000000000055A /* QuestionServiceTests.swift in Sources */ = {isa = PBXBuildFile; fileRef = AA000000000000000000022A /* QuestionServiceTests.swift */; };
		AA000000000000000000056A /* RoleServiceTests.swift in Sources */ = {isa = PBXBuildFile; fileRef = AA000000000000000000023A /* RoleServiceTests.swift */; };
		AA000000000000000000057A /* ScoringServiceTests.swift in Sources */ = {isa = PBXBuildFile; fileRef = AA000000000000000000024A /* ScoringServiceTests.swift */; };
		AA000000000000000000058A /* SnakesssTheme.swift in Sources */ = {isa = PBXBuildFile; fileRef = AA000000000000000000025A /* SnakesssTheme.swift */; };
		AA000000000000000000059A /* SnakesssTypography.swift in Sources */ = {isa = PBXBuildFile; fileRef = AA000000000000000000026A /* SnakesssTypography.swift */; };
		AA00000000000000000005AA /* SnakesssAnimation.swift in Sources */ = {isa = PBXBuildFile; fileRef = AA000000000000000000027A /* SnakesssAnimation.swift */; };
		AA00000000000000000005BA /* SnakesssHaptic.swift in Sources */ = {isa = PBXBuildFile; fileRef = AA000000000000000000028A /* SnakesssHaptic.swift */; };
		AA00000000000000000005CA /* SnakesssPrimaryButtonStyle.swift in Sources */ = {isa = PBXBuildFile; fileRef = AA000000000000000000029A /* SnakesssPrimaryButtonStyle.swift */; };
		AA00000000000000000005DA /* SnakesssSecondaryButtonStyle.swift in Sources */ = {isa = PBXBuildFile; fileRef = AA00000000000000000002AA /* SnakesssSecondaryButtonStyle.swift */; };
		AA00000000000000000005EA /* SnakesssAnswerButtonStyle.swift in Sources */ = {isa = PBXBuildFile; fileRef = AA00000000000000000002BA /* SnakesssAnswerButtonStyle.swift */; };
		AA00000000000000000005FA /* SnakesssVoteButtonStyle.swift in Sources */ = {isa = PBXBuildFile; fileRef = AA00000000000000000002CA /* SnakesssVoteButtonStyle.swift */; };
		AA000000000000000000066A /* ScaleTextureModifier.swift in Sources */ = {isa = PBXBuildFile; fileRef = AA00000000000000000002DA /* ScaleTextureModifier.swift */; };
		AA000000000000000000067A /* PassPhoneOverlay.swift in Sources */ = {isa = PBXBuildFile; fileRef = AA00000000000000000002EA /* PassPhoneOverlay.swift */; };
		AA000000000000000000068A /* RoleBadgeView.swift in Sources */ = {isa = PBXBuildFile; fileRef = AA00000000000000000002FA /* RoleBadgeView.swift */; };
		AA000000000000000000070B /* GameViewModel.swift in Sources */ = {isa = PBXBuildFile; fileRef = AA000000000000000000030B /* GameViewModel.swift */; };
		AA000000000000000000071B /* GameSetupViewModel.swift in Sources */ = {isa = PBXBuildFile; fileRef = AA000000000000000000031B /* GameSetupViewModel.swift */; };
		AA000000000000000000072B /* HomeView.swift in Sources */ = {isa = PBXBuildFile; fileRef = AA000000000000000000032B /* HomeView.swift */; };
		AA000000000000000000073B /* PlayerSetupView.swift in Sources */ = {isa = PBXBuildFile; fileRef = AA000000000000000000033B /* PlayerSetupView.swift */; };
		AA000000000000000000074B /* GameView.swift in Sources */ = {isa = PBXBuildFile; fileRef = AA000000000000000000034B /* GameView.swift */; };
		AA000000000000000000075B /* RoleRevealView.swift in Sources */ = {isa = PBXBuildFile; fileRef = AA000000000000000000035B /* RoleRevealView.swift */; };
		AA000000000000000000076B /* MongooseAnnouncementView.swift in Sources */ = {isa = PBXBuildFile; fileRef = AA000000000000000000036B /* MongooseAnnouncementView.swift */; };
		AA000000000000000000077B /* QuestionView.swift in Sources */ = {isa = PBXBuildFile; fileRef = AA000000000000000000037B /* QuestionView.swift */; };
		AA000000000000000000078B /* SnakeRevealView.swift in Sources */ = {isa = PBXBuildFile; fileRef = AA000000000000000000038B /* SnakeRevealView.swift */; };
		AA000000000000000000079B /* DiscussionTimerView.swift in Sources */ = {isa = PBXBuildFile; fileRef = AA000000000000000000039B /* DiscussionTimerView.swift */; };
		AA00000000000000000007AB /* VotingView.swift in Sources */ = {isa = PBXBuildFile; fileRef = AA00000000000000000003AB /* VotingView.swift */; };
		AA00000000000000000007BB /* RoundResultsView.swift in Sources */ = {isa = PBXBuildFile; fileRef = AA00000000000000000003BB /* RoundResultsView.swift */; };
		AA00000000000000000007CB /* GameEndView.swift in Sources */ = {isa = PBXBuildFile; fileRef = AA00000000000000000003CB /* GameEndView.swift */; };
		AA00000000000000000007DB /* GameViewModelTests.swift in Sources */ = {isa = PBXBuildFile; fileRef = AA00000000000000000003DB /* GameViewModelTests.swift */; };
		AA000000000000000000080C /* HistoryView.swift in Sources */ = {isa = PBXBuildFile; fileRef = AA000000000000000000081C /* HistoryView.swift */; };
		AA000000000000000000091A /* GameNavigationCoordinator.swift in Sources */ = {isa = PBXBuildFile; fileRef = AA000000000000000000090A /* GameNavigationCoordinator.swift */; };
		/* STORY-024 Sound */
		AA000000000000000000082E /* AudioService.swift in Sources */ = {isa = PBXBuildFile; fileRef = AA000000000000000000083E /* AudioService.swift */; };
		/* STORY-048 Logging */
		AA000000000000000000085E /* AppLogger.swift in Sources */ = {isa = PBXBuildFile; fileRef = AA000000000000000000084E /* AppLogger.swift */; };
		/* STORY-045 Tests */
		AA000000000000000000088E /* SettingsManagerTests.swift in Sources */ = {isa = PBXBuildFile; fileRef = AA000000000000000000087E /* SettingsManagerTests.swift */; };
		AA00000000000000000008AE /* AudioServiceTests.swift in Sources */ = {isa = PBXBuildFile; fileRef = AA000000000000000000089E /* AudioServiceTests.swift */; };
/* End PBXBuildFile section */

/* Begin PBXContainerItemProxy section */
		AA000000000000000000080A /* PBXContainerItemProxy */ = {
			isa = PBXContainerItemProxy;
			containerPortal = AA000000000000000000001A /* Project object */;
			proxyType = 1;
			remoteGlobalIDString = AA000000000000000000002A;
			remoteInfo = Snakesss;
		};
/* End PBXContainerItemProxy section */

/* Begin PBXFileReference section */
		CC000000000000000000001A /* GameFlowIntegrationTests.swift */ = {isa = PBXFileReference; lastKnownFileType = sourcecode.swift; path = GameFlowIntegrationTests.swift; sourceTree = "<group>"; };
		BB000000000000000000002A /* OnboardingView.swift */ = {isa = PBXFileReference; lastKnownFileType = sourcecode.swift; path = OnboardingView.swift; sourceTree = "<group>"; };
		BB000000000000000000003A /* OnboardingPageContent.swift */ = {isa = PBXFileReference; lastKnownFileType = sourcecode.swift; path = OnboardingPageContent.swift; sourceTree = "<group>"; };
		BB000000000000000000004A /* RulesSheetView.swift */ = {isa = PBXFileReference; lastKnownFileType = sourcecode.swift; path = RulesSheetView.swift; sourceTree = "<group>"; };
		1781DD971062EC4A2981A5E0 /* SettingsManager.swift */ = {isa = PBXFileReference; includeInIndex = 1; lastKnownFileType = sourcecode.swift; path = SettingsManager.swift; sourceTree = "<group>"; };
		AA000000000000000000010A /* SnakesssApp.swift */ = {isa = PBXFileReference; lastKnownFileType = sourcecode.swift; path = SnakesssApp.swift; sourceTree = "<group>"; };
		AA000000000000000000011A /* GameRecord.swift */ = {isa = PBXFileReference; lastKnownFileType = sourcecode.swift; path = GameRecord.swift; sourceTree = "<group>"; };
		AA000000000000000000013A /* Assets.xcassets */ = {isa = PBXFileReference; lastKnownFileType = folder.assetcatalog; path = Assets.xcassets; sourceTree = "<group>"; };
		AA000000000000000000014A /* SnakesssTests.swift */ = {isa = PBXFileReference; lastKnownFileType = sourcecode.swift; path = SnakesssTests.swift; sourceTree = "<group>"; };
		AA000000000000000000015A /* Role.swift */ = {isa = PBXFileReference; lastKnownFileType = sourcecode.swift; path = Role.swift; sourceTree = "<group>"; };
		AA000000000000000000016A /* GamePhase.swift */ = {isa = PBXFileReference; lastKnownFileType = sourcecode.swift; path = GamePhase.swift; sourceTree = "<group>"; };
		AA000000000000000000017A /* Vote.swift */ = {isa = PBXFileReference; lastKnownFileType = sourcecode.swift; path = Vote.swift; sourceTree = "<group>"; };
		AA000000000000000000018A /* Question.swift */ = {isa = PBXFileReference; lastKnownFileType = sourcecode.swift; path = Question.swift; sourceTree = "<group>"; };
		AA000000000000000000019A /* Player.swift */ = {isa = PBXFileReference; lastKnownFileType = sourcecode.swift; path = Player.swift; sourceTree = "<group>"; };
		AA00000000000000000001BA /* RoundResult.swift */ = {isa = PBXFileReference; lastKnownFileType = sourcecode.swift; path = RoundResult.swift; sourceTree = "<group>"; };
		AA00000000000000000001CA /* QuestionService.swift */ = {isa = PBXFileReference; lastKnownFileType = sourcecode.swift; path = QuestionService.swift; sourceTree = "<group>"; };
		AA00000000000000000001DA /* RoleService.swift */ = {isa = PBXFileReference; lastKnownFileType = sourcecode.swift; path = RoleService.swift; sourceTree = "<group>"; };
		AA00000000000000000001EA /* ScoringService.swift */ = {isa = PBXFileReference; lastKnownFileType = sourcecode.swift; path = ScoringService.swift; sourceTree = "<group>"; };
		AA00000000000000000001FA /* questions.json */ = {isa = PBXFileReference; lastKnownFileType = text.json; path = questions.json; sourceTree = "<group>"; };
		AA000000000000000000020A /* Snakesss.app */ = {isa = PBXFileReference; explicitFileType = wrapper.application; includeInIndex = 0; path = Snakesss.app; sourceTree = BUILT_PRODUCTS_DIR; };
		AA000000000000000000021A /* SnakesssTests.xctest */ = {isa = PBXFileReference; explicitFileType = wrapper.cfbundle; includeInIndex = 0; path = SnakesssTests.xctest; sourceTree = BUILT_PRODUCTS_DIR; };
		AA000000000000000000022A /* QuestionServiceTests.swift */ = {isa = PBXFileReference; lastKnownFileType = sourcecode.swift; path = QuestionServiceTests.swift; sourceTree = "<group>"; };
		AA000000000000000000023A /* RoleServiceTests.swift */ = {isa = PBXFileReference; lastKnownFileType = sourcecode.swift; path = RoleServiceTests.swift; sourceTree = "<group>"; };
		AA000000000000000000024A /* ScoringServiceTests.swift */ = {isa = PBXFileReference; lastKnownFileType = sourcecode.swift; path = ScoringServiceTests.swift; sourceTree = "<group>"; };
		AA000000000000000000025A /* SnakesssTheme.swift */ = {isa = PBXFileReference; lastKnownFileType = sourcecode.swift; path = SnakesssTheme.swift; sourceTree = "<group>"; };
		AA000000000000000000026A /* SnakesssTypography.swift */ = {isa = PBXFileReference; lastKnownFileType = sourcecode.swift; path = SnakesssTypography.swift; sourceTree = "<group>"; };
		AA000000000000000000027A /* SnakesssAnimation.swift */ = {isa = PBXFileReference; lastKnownFileType = sourcecode.swift; path = SnakesssAnimation.swift; sourceTree = "<group>"; };
		AA000000000000000000028A /* SnakesssHaptic.swift */ = {isa = PBXFileReference; lastKnownFileType = sourcecode.swift; path = SnakesssHaptic.swift; sourceTree = "<group>"; };
		AA000000000000000000029A /* SnakesssPrimaryButtonStyle.swift */ = {isa = PBXFileReference; lastKnownFileType = sourcecode.swift; path = SnakesssPrimaryButtonStyle.swift; sourceTree = "<group>"; };
		AA00000000000000000002AA /* SnakesssSecondaryButtonStyle.swift */ = {isa = PBXFileReference; lastKnownFileType = sourcecode.swift; path = SnakesssSecondaryButtonStyle.swift; sourceTree = "<group>"; };
		AA00000000000000000002BA /* SnakesssAnswerButtonStyle.swift */ = {isa = PBXFileReference; lastKnownFileType = sourcecode.swift; path = SnakesssAnswerButtonStyle.swift; sourceTree = "<group>"; };
		AA00000000000000000002CA /* SnakesssVoteButtonStyle.swift */ = {isa = PBXFileReference; lastKnownFileType = sourcecode.swift; path = SnakesssVoteButtonStyle.swift; sourceTree = "<group>"; };
		AA00000000000000000002DA /* ScaleTextureModifier.swift */ = {isa = PBXFileReference; lastKnownFileType = sourcecode.swift; path = ScaleTextureModifier.swift; sourceTree = "<group>"; };
		AA00000000000000000002EA /* PassPhoneOverlay.swift */ = {isa = PBXFileReference; lastKnownFileType = sourcecode.swift; path = PassPhoneOverlay.swift; sourceTree = "<group>"; };
		AA00000000000000000002FA /* RoleBadgeView.swift */ = {isa = PBXFileReference; lastKnownFileType = sourcecode.swift; path = RoleBadgeView.swift; sourceTree = "<group>"; };
		AA000000000000000000030B /* GameViewModel.swift */ = {isa = PBXFileReference; lastKnownFileType = sourcecode.swift; path = GameViewModel.swift; sourceTree = "<group>"; };
		AA000000000000000000031B /* GameSetupViewModel.swift */ = {isa = PBXFileReference; lastKnownFileType = sourcecode.swift; path = GameSetupViewModel.swift; sourceTree = "<group>"; };
		AA000000000000000000032B /* HomeView.swift */ = {isa = PBXFileReference; lastKnownFileType = sourcecode.swift; path = HomeView.swift; sourceTree = "<group>"; };
		AA000000000000000000033B /* PlayerSetupView.swift */ = {isa = PBXFileReference; lastKnownFileType = sourcecode.swift; path = PlayerSetupView.swift; sourceTree = "<group>"; };
		AA000000000000000000034B /* GameView.swift */ = {isa = PBXFileReference; lastKnownFileType = sourcecode.swift; path = GameView.swift; sourceTree = "<group>"; };
		AA000000000000000000035B /* RoleRevealView.swift */ = {isa = PBXFileReference; lastKnownFileType = sourcecode.swift; path = RoleRevealView.swift; sourceTree = "<group>"; };
		AA000000000000000000036B /* MongooseAnnouncementView.swift */ = {isa = PBXFileReference; lastKnownFileType = sourcecode.swift; path = MongooseAnnouncementView.swift; sourceTree = "<group>"; };
		AA000000000000000000037B /* QuestionView.swift */ = {isa = PBXFileReference; lastKnownFileType = sourcecode.swift; path = QuestionView.swift; sourceTree = "<group>"; };
		AA000000000000000000038B /* SnakeRevealView.swift */ = {isa = PBXFileReference; lastKnownFileType = sourcecode.swift; path = SnakeRevealView.swift; sourceTree = "<group>"; };
		AA000000000000000000039B /* DiscussionTimerView.swift */ = {isa = PBXFileReference; lastKnownFileType = sourcecode.swift; path = DiscussionTimerView.swift; sourceTree = "<group>"; };
		AA00000000000000000003AB /* VotingView.swift */ = {isa = PBXFileReference; lastKnownFileType = sourcecode.swift; path = VotingView.swift; sourceTree = "<group>"; };
		AA00000000000000000003BB /* RoundResultsView.swift */ = {isa = PBXFileReference; lastKnownFileType = sourcecode.swift; path = RoundResultsView.swift; sourceTree = "<group>"; };
		AA00000000000000000003CB /* GameEndView.swift */ = {isa = PBXFileReference; lastKnownFileType = sourcecode.swift; path = GameEndView.swift; sourceTree = "<group>"; };
		AA00000000000000000003DB /* GameViewModelTests.swift */ = {isa = PBXFileReference; lastKnownFileType = sourcecode.swift; path = GameViewModelTests.swift; sourceTree = "<group>"; };
		AA000000000000000000081C /* HistoryView.swift */ = {isa = PBXFileReference; lastKnownFileType = sourcecode.swift; path = HistoryView.swift; sourceTree = "<group>"; };
		AA000000000000000000090A /* GameNavigationCoordinator.swift */ = {isa = PBXFileReference; lastKnownFileType = sourcecode.swift; path = GameNavigationCoordinator.swift; sourceTree = "<group>"; };
		FD538664AC20873006030C43 /* SettingsView.swift */ = {isa = PBXFileReference; includeInIndex = 1; lastKnownFileType = sourcecode.swift; path = SettingsView.swift; sourceTree = "<group>"; };
		/* STORY-024 Sound */
		AA000000000000000000083E /* AudioService.swift */ = {isa = PBXFileReference; lastKnownFileType = sourcecode.swift; path = AudioService.swift; sourceTree = "<group>"; };
		/* STORY-048 Logging */
		AA000000000000000000084E /* AppLogger.swift */ = {isa = PBXFileReference; lastKnownFileType = sourcecode.swift; path = AppLogger.swift; sourceTree = "<group>"; };
		/* STORY-045 Tests */
		AA000000000000000000087E /* SettingsManagerTests.swift */ = {isa = PBXFileReference; lastKnownFileType = sourcecode.swift; path = SettingsManagerTests.swift; sourceTree = "<group>"; };
		AA000000000000000000089E /* AudioServiceTests.swift */ = {isa = PBXFileReference; lastKnownFileType = sourcecode.swift; path = AudioServiceTests.swift; sourceTree = "<group>"; };
/* End PBXFileReference section */

/* Begin PBXGroup section */
		4026D2367EA3001B21177DDA /* Settings */ = {
			isa = PBXGroup;
			children = (
				FD538664AC20873006030C43 /* SettingsView.swift */,
			);
			name = Settings;
			path = Settings;
			sourceTree = "<group>";
		};
		92E31FC0081184C09A103F4C /* Views */ = {
			isa = PBXGroup;
			children = (
				4026D2367EA3001B21177DDA /* Settings */,
			);
			name = Views;
			path = Views;
			sourceTree = "<group>";
		};
		AA000000000000000000040A = {
			isa = PBXGroup;
			children = (
				AA000000000000000000041A /* Snakesss */,
				AA000000000000000000046A /* SnakesssTests */,
				AA000000000000000000047A /* Products */,
				F9E03202A41F5C4823D0E8C5 /* Snakesss */,
			);
			sourceTree = "<group>";
		};
		AA000000000000000000041A /* Snakesss */ = {
			isa = PBXGroup;
			children = (
				AA000000000000000000042A /* App */,
				AA000000000000000000048A /* Models */,
				AA00000000000000000004EB /* ViewModels */,
				AA00000000000000000004CA /* Services */,
				AA000000000000000000043A /* Persistence */,
				AA000000000000000000044A /* Views */,
				AA000000000000000000045A /* Resources */,
				AA00000000000000000004DA /* Theme */,
				AA000000000000000000086E /* Utilities */,
			);
			path = Snakesss;
			sourceTree = "<group>";
		};
		AA000000000000000000086E /* Utilities */ = {
			isa = PBXGroup;
			children = (
				AA000000000000000000084E /* AppLogger.swift */,
			);
			path = Utilities;
			sourceTree = "<group>";
		};
		AA000000000000000000042A /* App */ = {
			isa = PBXGroup;
			children = (
				AA000000000000000000010A /* SnakesssApp.swift */,
			);
			path = App;
			sourceTree = "<group>";
		};
		AA000000000000000000043A /* Persistence */ = {
			isa = PBXGroup;
			children = (
				AA000000000000000000011A /* GameRecord.swift */,
			);
			path = Persistence;
			sourceTree = "<group>";
		};
		AA000000000000000000044A /* Views */ = {
			isa = PBXGroup;
			children = (
				AA00000000000000000004FC /* Home */,
				AA00000000000000000004FD /* Setup */,
				AA00000000000000000004FE /* Game */,
				AA00000000000000000004FF /* Results */,
				AA000000000000000000082C /* History */,
				BB000000000000000000001A /* Onboarding */,
			);
			path = Views;
			sourceTree = "<group>";
		};
		AA000000000000000000045A /* Resources */ = {
			isa = PBXGroup;
			children = (
				AA000000000000000000013A /* Assets.xcassets */,
				AA00000000000000000001FA /* questions.json */,
			);
			path = Resources;
			sourceTree = "<group>";
		};
		AA000000000000000000046A /* SnakesssTests */ = {
			isa = PBXGroup;
			children = (
				AA000000000000000000014A /* SnakesssTests.swift */,
				CC000000000000000000001A /* GameFlowIntegrationTests.swift */,
				AA000000000000000000022A /* QuestionServiceTests.swift */,
				AA000000000000000000023A /* RoleServiceTests.swift */,
				AA000000000000000000024A /* ScoringServiceTests.swift */,
				AA00000000000000000003DB /* GameViewModelTests.swift */,
				AA000000000000000000087E /* SettingsManagerTests.swift */,
				AA000000000000000000089E /* AudioServiceTests.swift */,
			);
			path = SnakesssTests;
			sourceTree = "<group>";
		};
		AA000000000000000000047A /* Products */ = {
			isa = PBXGroup;
			children = (
				AA000000000000000000020A /* Snakesss.app */,
				AA000000000000000000021A /* SnakesssTests.xctest */,
			);
			name = Products;
			sourceTree = "<group>";
		};
		AA000000000000000000048A /* Models */ = {
			isa = PBXGroup;
			children = (
				AA000000000000000000015A /* Role.swift */,
				AA000000000000000000016A /* GamePhase.swift */,
				AA000000000000000000017A /* Vote.swift */,
				AA000000000000000000018A /* Question.swift */,
				AA000000000000000000019A /* Player.swift */,
				AA00000000000000000001BA /* RoundResult.swift */,
			);
			path = Models;
			sourceTree = "<group>";
		};
		AA00000000000000000004CA /* Services */ = {
			isa = PBXGroup;
			children = (
				AA00000000000000000001CA /* QuestionService.swift */,
				AA00000000000000000001DA /* RoleService.swift */,
				AA00000000000000000001EA /* ScoringService.swift */,
			);
			path = Services;
			sourceTree = "<group>";
		};
		AA00000000000000000004DA /* Theme */ = {
			isa = PBXGroup;
			children = (
				AA000000000000000000025A /* SnakesssTheme.swift */,
				AA000000000000000000026A /* SnakesssTypography.swift */,
				AA000000000000000000027A /* SnakesssAnimation.swift */,
				AA000000000000000000028A /* SnakesssHaptic.swift */,
				AA000000000000000000029A /* SnakesssPrimaryButtonStyle.swift */,
				AA00000000000000000002AA /* SnakesssSecondaryButtonStyle.swift */,
				AA00000000000000000002BA /* SnakesssAnswerButtonStyle.swift */,
				AA00000000000000000002CA /* SnakesssVoteButtonStyle.swift */,
				AA00000000000000000002DA /* ScaleTextureModifier.swift */,
				AA00000000000000000002EA /* PassPhoneOverlay.swift */,
				AA00000000000000000002FA /* RoleBadgeView.swift */,
			);
			path = Theme;
			sourceTree = "<group>";
		};
		AA00000000000000000004EB /* ViewModels */ = {
			isa = PBXGroup;
			children = (
				AA000000000000000000030B /* GameViewModel.swift */,
				AA000000000000000000031B /* GameSetupViewModel.swift */,
				AA000000000000000000090A /* GameNavigationCoordinator.swift */,
			);
			path = ViewModels;
			sourceTree = "<group>";
		};
		AA00000000000000000004FC /* Home */ = {
			isa = PBXGroup;
			children = (
				AA000000000000000000032B /* HomeView.swift */,
			);
			path = Home;
			sourceTree = "<group>";
		};
		AA00000000000000000004FD /* Setup */ = {
			isa = PBXGroup;
			children = (
				AA000000000000000000033B /* PlayerSetupView.swift */,
			);
			path = Setup;
			sourceTree = "<group>";
		};
		AA00000000000000000004FE /* Game */ = {
			isa = PBXGroup;
			children = (
				AA000000000000000000034B /* GameView.swift */,
				AA000000000000000000035B /* RoleRevealView.swift */,
				AA000000000000000000036B /* MongooseAnnouncementView.swift */,
				AA000000000000000000037B /* QuestionView.swift */,
				AA000000000000000000038B /* SnakeRevealView.swift */,
				AA000000000000000000039B /* DiscussionTimerView.swift */,
				AA00000000000000000003AB /* VotingView.swift */,
				AA00000000000000000003BB /* RoundResultsView.swift */,
			);
			path = Game;
			sourceTree = "<group>";
		};
		AA00000000000000000004FF /* Results */ = {
			isa = PBXGroup;
			children = (
				AA00000000000000000003CB /* GameEndView.swift */,
			);
			path = Results;
			sourceTree = "<group>";
		};
		AA000000000000000000082C /* History */ = {
			isa = PBXGroup;
			children = (
				AA000000000000000000081C /* HistoryView.swift */,
			);
			path = History;
			sourceTree = "<group>";
		};
		E153AC665791287EFA13EB6C /* Services */ = {
			isa = PBXGroup;
			children = (
				1781DD971062EC4A2981A5E0 /* SettingsManager.swift */,
				AA000000000000000000083E /* AudioService.swift */,
			);
			name = Services;
			path = Services;
			sourceTree = "<group>";
		};
		F9E03202A41F5C4823D0E8C5 /* Snakesss */ = {
			isa = PBXGroup;
			children = (
				E153AC665791287EFA13EB6C /* Services */,
				92E31FC0081184C09A103F4C /* Views */,
			);
			name = Snakesss;
			path = Snakesss;
			sourceTree = "<group>";
		};
		BB000000000000000000001A /* Onboarding */ = {
			isa = PBXGroup;
			children = (
				BB000000000000000000002A /* OnboardingView.swift */,
				BB000000000000000000003A /* OnboardingPageContent.swift */,
				BB000000000000000000004A /* RulesSheetView.swift */,
			);
			path = Onboarding;
			sourceTree = "<group>";
		};
/* End PBXGroup section */

/* Begin PBXNativeTarget section */
		AA000000000000000000002A /* Snakesss */ = {
			isa = PBXNativeTarget;
			buildConfigurationList = AA000000000000000000070A /* Build configuration list for PBXNativeTarget "Snakesss" */;
			buildPhases = (
				AA000000000000000000050A /* Sources */,
				AA000000000000000000051A /* Resources */,
			);
			buildRules = (
			);
			dependencies = (
			);
			name = Snakesss;
			productName = Snakesss;
			productReference = AA000000000000000000020A /* Snakesss.app */;
			productType = "com.apple.product-type.application";
		};
		AA000000000000000000003A /* SnakesssTests */ = {
			isa = PBXNativeTarget;
			buildConfigurationList = AA000000000000000000071A /* Build configuration list for PBXNativeTarget "SnakesssTests" */;
			buildPhases = (
				AA000000000000000000052A /* Sources */,
			);
			buildRules = (
			);
			dependencies = (
				AA000000000000000000081A /* PBXTargetDependency */,
			);
			name = SnakesssTests;
			productName = SnakesssTests;
			productReference = AA000000000000000000021A /* SnakesssTests.xctest */;
			productType = "com.apple.product-type.bundle.unit-test";
		};
/* End PBXNativeTarget section */

/* Begin PBXProject section */
		AA000000000000000000001A /* Project object */ = {
			isa = PBXProject;
			attributes = {
				BuildIndependentTargetsInParallel = 1;
				LastSwiftUpdateCheck = 1500;
				LastUpgradeCheck = 1500;
				TargetAttributes = {
					AA000000000000000000002A = {
						CreatedOnToolsVersion = 15.0;
					};
					AA000000000000000000003A = {
						CreatedOnToolsVersion = 15.0;
						TestTargetID = AA000000000000000000002A;
					};
				};
			};
			buildConfigurationList = AA000000000000000000072A /* Build configuration list for PBXProject "Snakesss" */;
			compatibilityVersion = "Xcode 14.0";
			developmentRegion = en;
			hasScannedForEncodings = 0;
			knownRegions = (
				en,
				Base,
			);
			mainGroup = AA000000000000000000040A;
			productRefGroup = AA000000000000000000047A /* Products */;
			projectDirPath = "";
			projectRoot = "";
			targets = (
				AA000000000000000000002A /* Snakesss */,
				AA000000000000000000003A /* SnakesssTests */,
			);
		};
/* End PBXProject section */

/* Begin PBXResourcesBuildPhase section */
		AA000000000000000000051A /* Resources */ = {
			isa = PBXResourcesBuildPhase;
			buildActionMask = 2147483647;
			files = (
				AA000000000000000000033A /* Assets.xcassets in Resources */,
				AA00000000000000000003FA /* questions.json in Resources */,
			);
			runOnlyForDeploymentPostprocessing = 0;
		};
/* End PBXResourcesBuildPhase section */

/* Begin PBXSourcesBuildPhase section */
		AA000000000000000000050A /* Sources */ = {
			isa = PBXSourcesBuildPhase;
			buildActionMask = 2147483647;
			files = (
				AA000000000000000000030A /* SnakesssApp.swift in Sources */,
				AA000000000000000000031A /* GameRecord.swift in Sources */,
				AA000000000000000000035A /* Role.swift in Sources */,
				AA000000000000000000036A /* GamePhase.swift in Sources */,
				AA000000000000000000037A /* Vote.swift in Sources */,
				AA000000000000000000038A /* Question.swift in Sources */,
				AA000000000000000000039A /* Player.swift in Sources */,
				AA00000000000000000003BA /* RoundResult.swift in Sources */,
				AA00000000000000000003CA /* QuestionService.swift in Sources */,
				AA00000000000000000003DA /* RoleService.swift in Sources */,
				AA00000000000000000003EA /* ScoringService.swift in Sources */,
				AA000000000000000000058A /* SnakesssTheme.swift in Sources */,
				AA000000000000000000059A /* SnakesssTypography.swift in Sources */,
				AA00000000000000000005AA /* SnakesssAnimation.swift in Sources */,
				AA00000000000000000005BA /* SnakesssHaptic.swift in Sources */,
				AA00000000000000000005CA /* SnakesssPrimaryButtonStyle.swift in Sources */,
				AA00000000000000000005DA /* SnakesssSecondaryButtonStyle.swift in Sources */,
				AA00000000000000000005EA /* SnakesssAnswerButtonStyle.swift in Sources */,
				AA00000000000000000005FA /* SnakesssVoteButtonStyle.swift in Sources */,
				AA000000000000000000066A /* ScaleTextureModifier.swift in Sources */,
				AA000000000000000000067A /* PassPhoneOverlay.swift in Sources */,
				AA000000000000000000068A /* RoleBadgeView.swift in Sources */,
				AA000000000000000000070B /* GameViewModel.swift in Sources */,
				AA000000000000000000071B /* GameSetupViewModel.swift in Sources */,
				AA000000000000000000091A /* GameNavigationCoordinator.swift in Sources */,
				AA000000000000000000072B /* HomeView.swift in Sources */,
				AA000000000000000000073B /* PlayerSetupView.swift in Sources */,
				AA000000000000000000074B /* GameView.swift in Sources */,
				AA000000000000000000075B /* RoleRevealView.swift in Sources */,
				AA000000000000000000076B /* MongooseAnnouncementView.swift in Sources */,
				AA000000000000000000077B /* QuestionView.swift in Sources */,
				AA000000000000000000078B /* SnakeRevealView.swift in Sources */,
				AA000000000000000000079B /* DiscussionTimerView.swift in Sources */,
				AA00000000000000000007AB /* VotingView.swift in Sources */,
				AA00000000000000000007BB /* RoundResultsView.swift in Sources */,
				AA00000000000000000007CB /* GameEndView.swift in Sources */,
				AA000000000000000000080C /* HistoryView.swift in Sources */,
				6BEB879868E484A5F30ED612 /* SettingsManager.swift in Sources */,
				5B857D1DD3B3302DDFAFA936 /* SettingsView.swift in Sources */,
				AA000000000000000000082E /* AudioService.swift in Sources */,
				AA000000000000000000085E /* AppLogger.swift in Sources */,
				BB000000000000000000005A /* OnboardingView.swift in Sources */,
				BB000000000000000000006A /* OnboardingPageContent.swift in Sources */,
				BB000000000000000000007A /* RulesSheetView.swift in Sources */,
			);
			runOnlyForDeploymentPostprocessing = 0;
		};
		AA000000000000000000052A /* Sources */ = {
			isa = PBXSourcesBuildPhase;
			buildActionMask = 2147483647;
			files = (
				AA000000000000000000034A /* SnakesssTests.swift in Sources */,
					CC000000000000000000002A /* GameFlowIntegrationTests.swift in Sources */,
				AA000000000000000000055A /* QuestionServiceTests.swift in Sources */,
				AA000000000000000000056A /* RoleServiceTests.swift in Sources */,
				AA000000000000000000057A /* ScoringServiceTests.swift in Sources */,
				AA00000000000000000007DB /* GameViewModelTests.swift in Sources */,
				AA000000000000000000088E /* SettingsManagerTests.swift in Sources */,
				AA00000000000000000008AE /* AudioServiceTests.swift in Sources */,
			);
			runOnlyForDeploymentPostprocessing = 0;
		};
/* End PBXSourcesBuildPhase section */

/* Begin PBXTargetDependency section */
		AA000000000000000000081A /* PBXTargetDependency */ = {
			isa = PBXTargetDependency;
			target = AA000000000000000000002A /* Snakesss */;
			targetProxy = AA000000000000000000080A /* PBXContainerItemProxy */;
		};
/* End PBXTargetDependency section */

/* Begin XCBuildConfiguration section */
		AA000000000000000000060A /* Debug */ = {
			isa = XCBuildConfiguration;
			buildSettings = {
				ASSETCATALOG_COMPILER_APPICON_NAME = AppIcon;
				ASSETCATALOG_COMPILER_GLOBAL_ACCENT_COLOR_NAME = AccentColor;
				CODE_SIGN_STYLE = Automatic;
				CURRENT_PROJECT_VERSION = 1;
				ENABLE_PREVIEWS = YES;
				GENERATE_INFOPLIST_FILE = YES;
				INFOPLIST_KEY_UIApplicationSupportsIndirectInputEvents = YES;
				INFOPLIST_KEY_UILaunchScreen_Generation = YES;
				INFOPLIST_KEY_UISupportedInterfaceOrientations_iPhone = UIInterfaceOrientationPortrait;
				IPHONEOS_DEPLOYMENT_TARGET = 17.0;
				LD_RUNPATH_SEARCH_PATHS = (
					"$(inherited)",
					"@executable_path/Frameworks",
				);
				MARKETING_VERSION = 1.0;
				PRODUCT_BUNDLE_IDENTIFIER = com.gobcgames.Snakesss;
				PRODUCT_NAME = "$(TARGET_NAME)";
				SWIFT_EMIT_LOC_STRINGS = YES;
				SWIFT_STRICT_CONCURRENCY = complete;
				SWIFT_VERSION = 5.0;
				TARGETED_DEVICE_FAMILY = 1;
			};
			name = Debug;
		};
		AA000000000000000000061A /* Release */ = {
			isa = XCBuildConfiguration;
			buildSettings = {
				ASSETCATALOG_COMPILER_APPICON_NAME = AppIcon;
				ASSETCATALOG_COMPILER_GLOBAL_ACCENT_COLOR_NAME = AccentColor;
				CODE_SIGN_STYLE = Automatic;
				CURRENT_PROJECT_VERSION = 1;
				ENABLE_PREVIEWS = YES;
				GENERATE_INFOPLIST_FILE = YES;
				INFOPLIST_KEY_UIApplicationSupportsIndirectInputEvents = YES;
				INFOPLIST_KEY_UILaunchScreen_Generation = YES;
				INFOPLIST_KEY_UISupportedInterfaceOrientations_iPhone = UIInterfaceOrientationPortrait;
				IPHONEOS_DEPLOYMENT_TARGET = 17.0;
				LD_RUNPATH_SEARCH_PATHS = (
					"$(inherited)",
					"@executable_path/Frameworks",
				);
				MARKETING_VERSION = 1.0;
				PRODUCT_BUNDLE_IDENTIFIER = com.gobcgames.Snakesss;
				PRODUCT_NAME = "$(TARGET_NAME)";
				SWIFT_EMIT_LOC_STRINGS = YES;
				SWIFT_STRICT_CONCURRENCY = complete;
				SWIFT_VERSION = 5.0;
				TARGETED_DEVICE_FAMILY = 1;
			};
			name = Release;
		};
		AA000000000000000000062A /* Debug */ = {
			isa = XCBuildConfiguration;
			buildSettings = {
				BUNDLE_LOADER = "$(TEST_HOST)";
				CODE_SIGN_STYLE = Automatic;
				CURRENT_PROJECT_VERSION = 1;
				GENERATE_INFOPLIST_FILE = YES;
				IPHONEOS_DEPLOYMENT_TARGET = 17.0;
				MARKETING_VERSION = 1.0;
				PRODUCT_BUNDLE_IDENTIFIER = com.gobcgames.SnakesssTests;
				PRODUCT_NAME = "$(TARGET_NAME)";
				SWIFT_EMIT_LOC_STRINGS = NO;
				SWIFT_VERSION = 5.0;
				TARGETED_DEVICE_FAMILY = 1;
				TEST_HOST = "$(BUILT_PRODUCTS_DIR)/Snakesss.app/$(BUNDLE_EXECUTABLE_FOLDER_PATH)/Snakesss";
			};
			name = Debug;
		};
		AA000000000000000000063A /* Release */ = {
			isa = XCBuildConfiguration;
			buildSettings = {
				BUNDLE_LOADER = "$(TEST_HOST)";
				CODE_SIGN_STYLE = Automatic;
				CURRENT_PROJECT_VERSION = 1;
				GENERATE_INFOPLIST_FILE = YES;
				IPHONEOS_DEPLOYMENT_TARGET = 17.0;
				MARKETING_VERSION = 1.0;
				PRODUCT_BUNDLE_IDENTIFIER = com.gobcgames.SnakesssTests;
				PRODUCT_NAME = "$(TARGET_NAME)";
				SWIFT_EMIT_LOC_STRINGS = NO;
				SWIFT_VERSION = 5.0;
				TARGETED_DEVICE_FAMILY = 1;
				TEST_HOST = "$(BUILT_PRODUCTS_DIR)/Snakesss.app/$(BUNDLE_EXECUTABLE_FOLDER_PATH)/Snakesss";
			};
			name = Release;
		};
		AA000000000000000000064A /* Debug */ = {
			isa = XCBuildConfiguration;
			buildSettings = {
				ALWAYS_SEARCH_USER_PATHS = NO;
				CLANG_ANALYZER_NONNULL = YES;
				CLANG_ANALYZER_NUMBER_OBJECT_CONVERSION = YES_AGGRESSIVE;
				CLANG_CXX_LANGUAGE_STANDARD = "gnu++20";
				CLANG_ENABLE_MODULES = YES;
				CLANG_ENABLE_OBJC_ARC = YES;
				CLANG_ENABLE_OBJC_WEAK = YES;
				CLANG_WARN_BLOCK_CAPTURE_AUTORELEASING = YES;
				CLANG_WARN_BOOL_CONVERSION = YES;
				CLANG_WARN_COMMA = YES;
				CLANG_WARN_CONSTANT_CONVERSION = YES;
				CLANG_WARN_DEPRECATED_OBJC_IMPLEMENTATIONS = YES;
				CLANG_WARN_DIRECT_OBJC_ISA_USAGE = YES_ERROR;
				CLANG_WARN_DOCUMENTATION_COMMENTS = YES;
				CLANG_WARN_EMPTY_BODY = YES;
				CLANG_WARN_ENUM_CONVERSION = YES;
				CLANG_WARN_INFINITE_RECURSION = YES;
				CLANG_WARN_INT_CONVERSION = YES;
				CLANG_WARN_NON_LITERAL_NULL_CONVERSION = YES;
				CLANG_WARN_OBJC_IMPLICIT_RETAIN_SELF = YES;
				CLANG_WARN_OBJC_LITERAL_CONVERSION = YES;
				CLANG_WARN_OBJC_ROOT_CLASS = YES_ERROR;
				CLANG_WARN_QUOTED_INCLUDE_IN_FRAMEWORK_HEADER = YES;
				CLANG_WARN_RANGE_LOOP_ANALYSIS = YES;
				CLANG_WARN_STRICT_PROTOTYPES = YES;
				CLANG_WARN_SUSPICIOUS_MOVE = YES;
				CLANG_WARN_UNGUARDED_AVAILABILITY = YES_AGGRESSIVE;
				CLANG_WARN_UNREACHABLE_CODE = YES;
				CLANG_WARN__DUPLICATE_METHOD_MATCH = YES;
				COPY_PHASE_STRIP = NO;
				DEBUG_INFORMATION_FORMAT = dwarf;
				ENABLE_STRICT_OBJC_MSGSEND = YES;
				ENABLE_TESTABILITY = YES;
				ENABLE_USER_SCRIPT_SANDBOXING = YES;
				GCC_C_LANGUAGE_STANDARD = gnu17;
				GCC_DYNAMIC_NO_PIC = NO;
				GCC_NO_COMMON_BLOCKS = YES;
				GCC_OPTIMIZATION_LEVEL = 0;
				GCC_PREPROCESSOR_DEFINITIONS = (
					"DEBUG=1",
					"$(inherited)",
				);
				GCC_WARN_64_TO_32_BIT_CONVERSION = YES;
				GCC_WARN_ABOUT_RETURN_TYPE = YES_ERROR;
				GCC_WARN_UNDECLARED_SELECTOR = YES;
				GCC_WARN_UNINITIALIZED_AUTOS = YES_AGGRESSIVE;
				GCC_WARN_UNUSED_FUNCTION = YES;
				GCC_WARN_UNUSED_VARIABLE = YES;
				IPHONEOS_DEPLOYMENT_TARGET = 17.0;
				MTL_ENABLE_DEBUG_INFO = INCLUDE_SOURCE;
				MTL_FAST_MATH = YES;
				ONLY_ACTIVE_ARCH = YES;
				SDKROOT = iphoneos;
				SWIFT_ACTIVE_COMPILATION_CONDITIONS = DEBUG;
				SWIFT_OPTIMIZATION_LEVEL = "-Onone";
			};
			name = Debug;
		};
		AA000000000000000000065A /* Release */ = {
			isa = XCBuildConfiguration;
			buildSettings = {
				ALWAYS_SEARCH_USER_PATHS = NO;
				CLANG_ANALYZER_NONNULL = YES;
				CLANG_ANALYZER_NUMBER_OBJECT_CONVERSION = YES_AGGRESSIVE;
				CLANG_CXX_LANGUAGE_STANDARD = "gnu++20";
				CLANG_ENABLE_MODULES = YES;
				CLANG_ENABLE_OBJC_ARC = YES;
				CLANG_ENABLE_OBJC_WEAK = YES;
				CLANG_WARN_BLOCK_CAPTURE_AUTORELEASING = YES;
				CLANG_WARN_BOOL_CONVERSION = YES;
				CLANG_WARN_COMMA = YES;
				CLANG_WARN_CONSTANT_CONVERSION = YES;
				CLANG_WARN_DEPRECATED_OBJC_IMPLEMENTATIONS = YES;
				CLANG_WARN_DIRECT_OBJC_ISA_USAGE = YES_ERROR;
				CLANG_WARN_DOCUMENTATION_COMMENTS = YES;
				CLANG_WARN_EMPTY_BODY = YES;
				CLANG_WARN_ENUM_CONVERSION = YES;
				CLANG_WARN_INFINITE_RECURSION = YES;
				CLANG_WARN_INT_CONVERSION = YES;
				CLANG_WARN_NON_LITERAL_NULL_CONVERSION = YES;
				CLANG_WARN_OBJC_IMPLICIT_RETAIN_SELF = YES;
				CLANG_WARN_OBJC_LITERAL_CONVERSION = YES;
				CLANG_WARN_OBJC_ROOT_CLASS = YES_ERROR;
				CLANG_WARN_QUOTED_INCLUDE_IN_FRAMEWORK_HEADER = YES;
				CLANG_WARN_RANGE_LOOP_ANALYSIS = YES;
				CLANG_WARN_STRICT_PROTOTYPES = YES;
				CLANG_WARN_SUSPICIOUS_MOVE = YES;
				CLANG_WARN_UNGUARDED_AVAILABILITY = YES_AGGRESSIVE;
				CLANG_WARN_UNREACHABLE_CODE = YES;
				CLANG_WARN__DUPLICATE_METHOD_MATCH = YES;
				COPY_PHASE_STRIP = NO;
				DEBUG_INFORMATION_FORMAT = "dwarf-with-dsym";
				ENABLE_NS_ASSERTIONS = NO;
				ENABLE_STRICT_OBJC_MSGSEND = YES;
				ENABLE_USER_SCRIPT_SANDBOXING = YES;
				GCC_C_LANGUAGE_STANDARD = gnu17;
				GCC_NO_COMMON_BLOCKS = YES;
				GCC_WARN_64_TO_32_BIT_CONVERSION = YES;
				GCC_WARN_ABOUT_RETURN_TYPE = YES_ERROR;
				GCC_WARN_UNDECLARED_SELECTOR = YES;
				GCC_WARN_UNINITIALIZED_AUTOS = YES_AGGRESSIVE;
				GCC_WARN_UNUSED_FUNCTION = YES;
				GCC_WARN_UNUSED_VARIABLE = YES;
				IPHONEOS_DEPLOYMENT_TARGET = 17.0;
				MTL_FAST_MATH = YES;
				SDKROOT = iphoneos;
				SWIFT_COMPILATION_MODE = wholemodule;
				SWIFT_OPTIMIZATION_LEVEL = "-O";
				VALIDATE_PRODUCT = YES;
			};
			name = Release;
		};
/* End XCBuildConfiguration section */

/* Begin XCConfigurationList section */
		AA000000000000000000070A /* Build configuration list for PBXNativeTarget "Snakesss" */ = {
			isa = XCConfigurationList;
			buildConfigurations = (
				AA000000000000000000060A /* Debug */,
				AA000000000000000000061A /* Release */,
			);
			defaultConfigurationIsVisible = 0;
			defaultConfigurationName = Release;
		};
		AA000000000000000000071A /* Build configuration list for PBXNativeTarget "SnakesssTests" */ = {
			isa = XCConfigurationList;
			buildConfigurations = (
				AA000000000000000000062A /* Debug */,
				AA000000000000000000063A /* Release */,
			);
			defaultConfigurationIsVisible = 0;
			defaultConfigurationName = Release;
		};
		AA000000000000000000072A /* Build configuration list for PBXProject "Snakesss" */ = {
			isa = XCConfigurationList;
			buildConfigurations = (
				AA000000000000000000064A /* Debug */,
				AA000000000000000000065A /* Release */,
			);
			defaultConfigurationIsVisible = 0;
			defaultConfigurationName = Release;
		};
/* End XCConfigurationList section */
	};
	rootObject = AA000000000000000000001A /* Project object */;
}
